PODS:
  - ChameleonFramework (2.1.0):
    - ChameleonFramework/Default (= 2.1.0)
  - ChameleonFramework/Default (2.1.0)
  - SwipeCellKit (2.7.1)

DEPENDENCIES:
  - ChameleonFramework
  - SwipeCellKit

SPEC REPOS:
  trunk:
    - ChameleonFramework
    - SwipeCellKit

SPEC CHECKSUMS:
  ChameleonFramework: d21a3cc247abfe5e37609a283a8238b03575cf64
  SwipeCellKit: 3972254a826da74609926daf59b08d6c72e619ea

PODFILE CHECKSUM: dedc2f04c8aa70c6be20d26250c0792ff220fb20

COCOAPODS: 1.8.4
