// !$*UTF8*$!
{
	archiveVersion = 1;
	classes = {
	};
	objectVersion = 51;
	objects = {

/* Begin PBXBuildFile section */
		7B28FB952371CDA000116EC0 /* lineStyleLabelModel.swift in Sources */ = {isa = PBXBuildFile; fileRef = 7B28FB942371CDA000116EC0 /* lineStyleLabelModel.swift */; };
		7B2FD4322372D15B0036DF3A /* Pods_TODO.framework in Frameworks */ = {isa = PBXBuildFile; fileRef = 14F4973A6654ADEFE7273832 /* Pods_TODO.framework */; };
		7B2FD4372372D65C0036DF3A /* ChameleonFramework.framework in Frameworks */ = {isa = PBXBuildFile; fileRef = 7B2FD4362372D65C0036DF3A /* ChameleonFramework.framework */; };
		7B2FD43B2372D6840036DF3A /* SwipeCellKit.framework in Frameworks */ = {isa = PBXBuildFile; fileRef = 7B2FD43A2372D6840036DF3A /* SwipeCellKit.framework */; };
		7E1A22CB236A738B0084B8F4 /* NoteTextView.swift in Sources */ = {isa = PBXBuildFile; fileRef = 7E1A22CA236A738B0084B8F4 /* NoteTextView.swift */; };
		7E1D4B5B234E06AE00195E23 /* CategoryTableViewController.swift in Sources */ = {isa = PBXBuildFile; fileRef = 7E1D4B5A234E06AE00195E23 /* CategoryTableViewController.swift */; };
		7E35ADBF234B5B7A00049F06 /* DataModel.xcdatamodeld in Sources */ = {isa = PBXBuildFile; fileRef = 7E35ADBD234B5B7A00049F06 /* DataModel.xcdatamodeld */; };
		7E4650F923534F4800B07CF5 /* ToDoCell.xib in Resources */ = {isa = PBXBuildFile; fileRef = 7E4650F823534F4800B07CF5 /* ToDoCell.xib */; };
		7E4650FB23535AB300B07CF5 /* ToDoTableViewCell.swift in Sources */ = {isa = PBXBuildFile; fileRef = 7E4650FA23535AB300B07CF5 /* ToDoTableViewCell.swift */; };
		7E52A1B7235B35E700311D85 /* ToDoItemListViewController.swift in Sources */ = {isa = PBXBuildFile; fileRef = 7E52A1B6235B35E700311D85 /* ToDoItemListViewController.swift */; };
		7E72225B235DE45500FCB5E4 /* BearViewController.swift in Sources */ = {isa = PBXBuildFile; fileRef = 7E72225A235DE45500FCB5E4 /* BearViewController.swift */; };
		7E72225D235DE4C100FCB5E4 /* MainNavController.swift in Sources */ = {isa = PBXBuildFile; fileRef = 7E72225C235DE4C100FCB5E4 /* MainNavController.swift */; };
		7E72225F235DE53D00FCB5E4 /* MenuNavController.swift in Sources */ = {isa = PBXBuildFile; fileRef = 7E72225E235DE53D00FCB5E4 /* MenuNavController.swift */; };
		7E9AA49F2358CB15007B6E88 /* NoteViewController.swift in Sources */ = {isa = PBXBuildFile; fileRef = 7E9AA49E2358CB15007B6E88 /* NoteViewController.swift */; };
		7ECA8C97234AFD4E00A7D191 /* AppDelegate.swift in Sources */ = {isa = PBXBuildFile; fileRef = 7ECA8C96234AFD4E00A7D191 /* AppDelegate.swift */; };
		7ECA8C99234AFD4E00A7D191 /* SceneDelegate.swift in Sources */ = {isa = PBXBuildFile; fileRef = 7ECA8C98234AFD4E00A7D191 /* SceneDelegate.swift */; };
		7ECA8C9E234AFD4E00A7D191 /* Main.storyboard in Resources */ = {isa = PBXBuildFile; fileRef = 7ECA8C9C234AFD4E00A7D191 /* Main.storyboard */; };
		7ECA8CA0234AFD4F00A7D191 /* Assets.xcassets in Resources */ = {isa = PBXBuildFile; fileRef = 7ECA8C9F234AFD4F00A7D191 /* Assets.xcassets */; };
		7ECA8CA3234AFD4F00A7D191 /* LaunchScreen.storyboard in Resources */ = {isa = PBXBuildFile; fileRef = 7ECA8CA1234AFD4F00A7D191 /* LaunchScreen.storyboard */; };
/* End PBXBuildFile section */

/* Begin PBXFileReference section */
		14F4973A6654ADEFE7273832 /* Pods_TODO.framework */ = {isa = PBXFileReference; explicitFileType = wrapper.framework; includeInIndex = 0; path = Pods_TODO.framework; sourceTree = BUILT_PRODUCTS_DIR; };
		7B28FB942371CDA000116EC0 /* lineStyleLabelModel.swift */ = {isa = PBXFileReference; lastKnownFileType = sourcecode.swift; path = lineStyleLabelModel.swift; sourceTree = "<group>"; };
		7B2FD4362372D65C0036DF3A /* ChameleonFramework.framework */ = {isa = PBXFileReference; lastKnownFileType = wrapper.framework; name = ChameleonFramework.framework; path = "../Library/Developer/Xcode/DerivedData/TODO-dquvllltaksmnmdfmntdslcnxdlt/Build/Products/Debug-iphoneos/ChameleonFramework/ChameleonFramework.framework"; sourceTree = "<group>"; };
		7B2FD43A2372D6840036DF3A /* SwipeCellKit.framework */ = {isa = PBXFileReference; lastKnownFileType = wrapper.framework; name = SwipeCellKit.framework; path = "../Library/Developer/Xcode/DerivedData/TODO-dquvllltaksmnmdfmntdslcnxdlt/Build/Products/Debug-iphoneos/SwipeCellKit/SwipeCellKit.framework"; sourceTree = "<group>"; };
		7E1A22CA236A738B0084B8F4 /* NoteTextView.swift */ = {isa = PBXFileReference; lastKnownFileType = sourcecode.swift; path = NoteTextView.swift; sourceTree = "<group>"; };
		7E1D4B5A234E06AE00195E23 /* CategoryTableViewController.swift */ = {isa = PBXFileReference; lastKnownFileType = sourcecode.swift; path = CategoryTableViewController.swift; sourceTree = "<group>"; };
		7E35ADBE234B5B7A00049F06 /* DataModel.xcdatamodel */ = {isa = PBXFileReference; lastKnownFileType = wrapper.xcdatamodel; path = DataModel.xcdatamodel; sourceTree = "<group>"; };
		7E4650F823534F4800B07CF5 /* ToDoCell.xib */ = {isa = PBXFileReference; lastKnownFileType = file.xib; path = ToDoCell.xib; sourceTree = "<group>"; };
		7E4650FA23535AB300B07CF5 /* ToDoTableViewCell.swift */ = {isa = PBXFileReference; lastKnownFileType = sourcecode.swift; path = ToDoTableViewCell.swift; sourceTree = "<group>"; };
		7E52A1B6235B35E700311D85 /* ToDoItemListViewController.swift */ = {isa = PBXFileReference; lastKnownFileType = sourcecode.swift; path = ToDoItemListViewController.swift; sourceTree = "<group>"; };
		7E72225A235DE45500FCB5E4 /* BearViewController.swift */ = {isa = PBXFileReference; lastKnownFileType = sourcecode.swift; path = BearViewController.swift; sourceTree = "<group>"; };
		7E72225C235DE4C100FCB5E4 /* MainNavController.swift */ = {isa = PBXFileReference; lastKnownFileType = sourcecode.swift; path = MainNavController.swift; sourceTree = "<group>"; };
		7E72225E235DE53D00FCB5E4 /* MenuNavController.swift */ = {isa = PBXFileReference; lastKnownFileType = sourcecode.swift; path = MenuNavController.swift; sourceTree = "<group>"; };
		7E9AA49E2358CB15007B6E88 /* NoteViewController.swift */ = {isa = PBXFileReference; lastKnownFileType = sourcecode.swift; path = NoteViewController.swift; sourceTree = "<group>"; };
		7ECA8C93234AFD4E00A7D191 /* TODO.app */ = {isa = PBXFileReference; explicitFileType = wrapper.application; includeInIndex = 0; path = TODO.app; sourceTree = BUILT_PRODUCTS_DIR; };
		7ECA8C96234AFD4E00A7D191 /* AppDelegate.swift */ = {isa = PBXFileReference; lastKnownFileType = sourcecode.swift; path = AppDelegate.swift; sourceTree = "<group>"; };
		7ECA8C98234AFD4E00A7D191 /* SceneDelegate.swift */ = {isa = PBXFileReference; lastKnownFileType = sourcecode.swift; path = SceneDelegate.swift; sourceTree = "<group>"; };
		7ECA8C9D234AFD4E00A7D191 /* Base */ = {isa = PBXFileReference; lastKnownFileType = file.storyboard; name = Base; path = Base.lproj/Main.storyboard; sourceTree = "<group>"; };
		7ECA8C9F234AFD4F00A7D191 /* Assets.xcassets */ = {isa = PBXFileReference; lastKnownFileType = folder.assetcatalog; path = Assets.xcassets; sourceTree = "<group>"; };
		7ECA8CA2234AFD4F00A7D191 /* Base */ = {isa = PBXFileReference; lastKnownFileType = file.storyboard; name = Base; path = Base.lproj/LaunchScreen.storyboard; sourceTree = "<group>"; };
		7ECA8CA4234AFD4F00A7D191 /* Info.plist */ = {isa = PBXFileReference; lastKnownFileType = text.plist.xml; path = Info.plist; sourceTree = "<group>"; };
		B7E1347AD4577956B3B00F34 /* Pods-TODO.debug.xcconfig */ = {isa = PBXFileReference; includeInIndex = 1; lastKnownFileType = text.xcconfig; name = "Pods-TODO.debug.xcconfig"; path = "Target Support Files/Pods-TODO/Pods-TODO.debug.xcconfig"; sourceTree = "<group>"; };
		FFDFA28F994608669F4065C5 /* Pods-TODO.release.xcconfig */ = {isa = PBXFileReference; includeInIndex = 1; lastKnownFileType = text.xcconfig; name = "Pods-TODO.release.xcconfig"; path = "Target Support Files/Pods-TODO/Pods-TODO.release.xcconfig"; sourceTree = "<group>"; };
/* End PBXFileReference section */

/* Begin PBXFrameworksBuildPhase section */
		7ECA8C90234AFD4E00A7D191 /* Frameworks */ = {
			isa = PBXFrameworksBuildPhase;
			buildActionMask = 2147483647;
			files = (
				7B2FD43B2372D6840036DF3A /* SwipeCellKit.framework in Frameworks */,
				7B2FD4322372D15B0036DF3A /* Pods_TODO.framework in Frameworks */,
				7B2FD4372372D65C0036DF3A /* ChameleonFramework.framework in Frameworks */,
			);
			runOnlyForDeploymentPostprocessing = 0;
		};
/* End PBXFrameworksBuildPhase section */

/* Begin PBXGroup section */
		18A43951B1E88190046EFAAC /* Pods */ = {
			isa = PBXGroup;
			children = (
				B7E1347AD4577956B3B00F34 /* Pods-TODO.debug.xcconfig */,
				FFDFA28F994608669F4065C5 /* Pods-TODO.release.xcconfig */,
			);
			path = Pods;
			sourceTree = "<group>";
		};
		41CA43C512A6FBD1008BB41B /* Frameworks */ = {
			isa = PBXGroup;
			children = (
				7B2FD43A2372D6840036DF3A /* SwipeCellKit.framework */,
				7B2FD4362372D65C0036DF3A /* ChameleonFramework.framework */,
				14F4973A6654ADEFE7273832 /* Pods_TODO.framework */,
			);
			name = Frameworks;
			sourceTree = "<group>";
		};
		7ECA8C8A234AFD4E00A7D191 = {
			isa = PBXGroup;
			children = (
				7ECA8C95234AFD4E00A7D191 /* TODO */,
				7ECA8C94234AFD4E00A7D191 /* Products */,
				18A43951B1E88190046EFAAC /* Pods */,
				41CA43C512A6FBD1008BB41B /* Frameworks */,
			);
			sourceTree = "<group>";
		};
		7ECA8C94234AFD4E00A7D191 /* Products */ = {
			isa = PBXGroup;
			children = (
				7ECA8C93234AFD4E00A7D191 /* TODO.app */,
			);
			name = Products;
			sourceTree = "<group>";
		};
		7ECA8C95234AFD4E00A7D191 /* TODO */ = {
			isa = PBXGroup;
			children = (
				7ECA8C96234AFD4E00A7D191 /* AppDelegate.swift */,
				7ECA8C98234AFD4E00A7D191 /* SceneDelegate.swift */,
				7E1A22CA236A738B0084B8F4 /* NoteTextView.swift */,
				7E9AA49E2358CB15007B6E88 /* NoteViewController.swift */,
				7B28FB942371CDA000116EC0 /* lineStyleLabelModel.swift */,
				7E35ADBD234B5B7A00049F06 /* DataModel.xcdatamodeld */,
				7E1D4B5A234E06AE00195E23 /* CategoryTableViewController.swift */,
				7ECA8C9C234AFD4E00A7D191 /* Main.storyboard */,
				7E72225E235DE53D00FCB5E4 /* MenuNavController.swift */,
				7E72225C235DE4C100FCB5E4 /* MainNavController.swift */,
				7E72225A235DE45500FCB5E4 /* BearViewController.swift */,
				7E52A1B6235B35E700311D85 /* ToDoItemListViewController.swift */,
				7E4650F823534F4800B07CF5 /* ToDoCell.xib */,
				7E4650FA23535AB300B07CF5 /* ToDoTableViewCell.swift */,
				7ECA8C9F234AFD4F00A7D191 /* Assets.xcassets */,
				7ECA8CA1234AFD4F00A7D191 /* LaunchScreen.storyboard */,
				7ECA8CA4234AFD4F00A7D191 /* Info.plist */,
			);
			path = TODO;
			sourceTree = "<group>";
		};
/* End PBXGroup section */

/* Begin PBXNativeTarget section */
		7ECA8C92234AFD4E00A7D191 /* TODO */ = {
			isa = PBXNativeTarget;
			buildConfigurationList = 7ECA8CA7234AFD4F00A7D191 /* Build configuration list for PBXNativeTarget "TODO" */;
			buildPhases = (
				8D58C693A5B3167548794E7F /* [CP] Check Pods Manifest.lock */,
				7ECA8C8F234AFD4E00A7D191 /* Sources */,
				7ECA8C90234AFD4E00A7D191 /* Frameworks */,
				7ECA8C91234AFD4E00A7D191 /* Resources */,
				8DA51EFC9DA35BBA20881824 /* [CP] Embed Pods Frameworks */,
			);
			buildRules = (
			);
			dependencies = (
			);
			name = TODO;
			productName = TODO;
			productReference = 7ECA8C93234AFD4E00A7D191 /* TODO.app */;
			productType = "com.apple.product-type.application";
		};
/* End PBXNativeTarget section */

/* Begin PBXProject section */
		7ECA8C8B234AFD4E00A7D191 /* Project object */ = {
			isa = PBXProject;
			attributes = {
				LastSwiftUpdateCheck = 1100;
				LastUpgradeCheck = 1100;
				ORGANIZATIONNAME = "金占军";
				TargetAttributes = {
					7ECA8C92234AFD4E00A7D191 = {
						CreatedOnToolsVersion = 11.0;
					};
				};
			};
			buildConfigurationList = 7ECA8C8E234AFD4E00A7D191 /* Build configuration list for PBXProject "TODO" */;
			compatibilityVersion = "Xcode 9.3";
			developmentRegion = en;
			hasScannedForEncodings = 0;
			knownRegions = (
				en,
				Base,
			);
			mainGroup = 7ECA8C8A234AFD4E00A7D191;
			productRefGroup = 7ECA8C94234AFD4E00A7D191 /* Products */;
			projectDirPath = "";
			projectRoot = "";
			targets = (
				7ECA8C92234AFD4E00A7D191 /* TODO */,
			);
		};
/* End PBXProject section */

/* Begin PBXResourcesBuildPhase section */
		7ECA8C91234AFD4E00A7D191 /* Resources */ = {
			isa = PBXResourcesBuildPhase;
			buildActionMask = 2147483647;
			files = (
				7ECA8CA3234AFD4F00A7D191 /* LaunchScreen.storyboard in Resources */,
				7ECA8CA0234AFD4F00A7D191 /* Assets.xcassets in Resources */,
				7ECA8C9E234AFD4E00A7D191 /* Main.storyboard in Resources */,
				7E4650F923534F4800B07CF5 /* ToDoCell.xib in Resources */,
			);
			runOnlyForDeploymentPostprocessing = 0;
		};
/* End PBXResourcesBuildPhase section */

/* Begin PBXShellScriptBuildPhase section */
		8D58C693A5B3167548794E7F /* [CP] Check Pods Manifest.lock */ = {
			isa = PBXShellScriptBuildPhase;
			buildActionMask = 2147483647;
			files = (
			);
			inputFileListPaths = (
			);
			inputPaths = (
				"${PODS_PODFILE_DIR_PATH}/Podfile.lock",
				"${PODS_ROOT}/Manifest.lock",
			);
			name = "[CP] Check Pods Manifest.lock";
			outputFileListPaths = (
			);
			outputPaths = (
				"$(DERIVED_FILE_DIR)/Pods-TODO-checkManifestLockResult.txt",
			);
			runOnlyForDeploymentPostprocessing = 0;
			shellPath = /bin/sh;
			shellScript = "diff \"${PODS_PODFILE_DIR_PATH}/Podfile.lock\" \"${PODS_ROOT}/Manifest.lock\" > /dev/null\nif [ $? != 0 ] ; then\n    # print error to STDERR\n    echo \"error: The sandbox is not in sync with the Podfile.lock. Run 'pod install' or update your CocoaPods installation.\" >&2\n    exit 1\nfi\n# This output is used by Xcode 'outputs' to avoid re-running this script phase.\necho \"SUCCESS\" > \"${SCRIPT_OUTPUT_FILE_0}\"\n";
			showEnvVarsInLog = 0;
		};
		8DA51EFC9DA35BBA20881824 /* [CP] Embed Pods Frameworks */ = {
			isa = PBXShellScriptBuildPhase;
			buildActionMask = 2147483647;
			files = (
			);
			inputFileListPaths = (
				"${PODS_ROOT}/Target Support Files/Pods-TODO/Pods-TODO-frameworks-${CONFIGURATION}-input-files.xcfilelist",
			);
			name = "[CP] Embed Pods Frameworks";
			outputFileListPaths = (
				"${PODS_ROOT}/Target Support Files/Pods-TODO/Pods-TODO-frameworks-${CONFIGURATION}-output-files.xcfilelist",
			);
			runOnlyForDeploymentPostprocessing = 0;
			shellPath = /bin/sh;
			shellScript = "\"${PODS_ROOT}/Target Support Files/Pods-TODO/Pods-TODO-frameworks.sh\"\n";
			showEnvVarsInLog = 0;
		};
/* End PBXShellScriptBuildPhase section */

/* Begin PBXSourcesBuildPhase section */
		7ECA8C8F234AFD4E00A7D191 /* Sources */ = {
			isa = PBXSourcesBuildPhase;
			buildActionMask = 2147483647;
			files = (
				7E72225F235DE53D00FCB5E4 /* MenuNavController.swift in Sources */,
				7E9AA49F2358CB15007B6E88 /* NoteViewController.swift in Sources */,
				7E72225D235DE4C100FCB5E4 /* MainNavController.swift in Sources */,
				7E35ADBF234B5B7A00049F06 /* DataModel.xcdatamodeld in Sources */,
				7B28FB952371CDA000116EC0 /* lineStyleLabelModel.swift in Sources */,
				7E1D4B5B234E06AE00195E23 /* CategoryTableViewController.swift in Sources */,
				7ECA8C97234AFD4E00A7D191 /* AppDelegate.swift in Sources */,
				7E72225B235DE45500FCB5E4 /* BearViewController.swift in Sources */,
				7E4650FB23535AB300B07CF5 /* ToDoTableViewCell.swift in Sources */,
				7E52A1B7235B35E700311D85 /* ToDoItemListViewController.swift in Sources */,
				7E1A22CB236A738B0084B8F4 /* NoteTextView.swift in Sources */,
				7ECA8C99234AFD4E00A7D191 /* SceneDelegate.swift in Sources */,
			);
			runOnlyForDeploymentPostprocessing = 0;
		};
/* End PBXSourcesBuildPhase section */

/* Begin PBXVariantGroup section */
		7ECA8C9C234AFD4E00A7D191 /* Main.storyboard */ = {
			isa = PBXVariantGroup;
			children = (
				7ECA8C9D234AFD4E00A7D191 /* Base */,
			);
			name = Main.storyboard;
			sourceTree = "<group>";
		};
		7ECA8CA1234AFD4F00A7D191 /* LaunchScreen.storyboard */ = {
			isa = PBXVariantGroup;
			children = (
				7ECA8CA2234AFD4F00A7D191 /* Base */,
			);
			name = LaunchScreen.storyboard;
			sourceTree = "<group>";
		};
/* End PBXVariantGroup section */

/* Begin XCBuildConfiguration section */
		7ECA8CA5234AFD4F00A7D191 /* Debug */ = {
			isa = XCBuildConfiguration;
			buildSettings = {
				ALWAYS_SEARCH_USER_PATHS = NO;
				CLANG_ANALYZER_NONNULL = YES;
				CLANG_ANALYZER_NUMBER_OBJECT_CONVERSION = YES_AGGRESSIVE;
				CLANG_CXX_LANGUAGE_STANDARD = "gnu++14";
				CLANG_CXX_LIBRARY = "libc++";
				CLANG_ENABLE_MODULES = YES;
				CLANG_ENABLE_OBJC_ARC = YES;
				CLANG_ENABLE_OBJC_WEAK = YES;
				CLANG_WARN_BLOCK_CAPTURE_AUTORELEASING = YES;
				CLANG_WARN_BOOL_CONVERSION = YES;
				CLANG_WARN_COMMA = YES;
				CLANG_WARN_CONSTANT_CONVERSION = YES;
				CLANG_WARN_DEPRECATED_OBJC_IMPLEMENTATIONS = YES;
				CLANG_WARN_DIRECT_OBJC_ISA_USAGE = YES_ERROR;
				CLANG_WARN_DOCUMENTATION_COMMENTS = YES;
				CLANG_WARN_EMPTY_BODY = YES;
				CLANG_WARN_ENUM_CONVERSION = YES;
				CLANG_WARN_INFINITE_RECURSION = YES;
				CLANG_WARN_INT_CONVERSION = YES;
				CLANG_WARN_NON_LITERAL_NULL_CONVERSION = YES;
				CLANG_WARN_OBJC_IMPLICIT_RETAIN_SELF = YES;
				CLANG_WARN_OBJC_LITERAL_CONVERSION = YES;
				CLANG_WARN_OBJC_ROOT_CLASS = YES_ERROR;
				CLANG_WARN_RANGE_LOOP_ANALYSIS = YES;
				CLANG_WARN_STRICT_PROTOTYPES = YES;
				CLANG_WARN_SUSPICIOUS_MOVE = YES;
				CLANG_WARN_UNGUARDED_AVAILABILITY = YES_AGGRESSIVE;
				CLANG_WARN_UNREACHABLE_CODE = YES;
				CLANG_WARN__DUPLICATE_METHOD_MATCH = YES;
				COPY_PHASE_STRIP = NO;
				DEBUG_INFORMATION_FORMAT = dwarf;
				DEVELOPMENT_TEAM = 8AQ47Z9975;
				ENABLE_STRICT_OBJC_MSGSEND = YES;
				ENABLE_TESTABILITY = YES;
				GCC_C_LANGUAGE_STANDARD = gnu11;
				GCC_DYNAMIC_NO_PIC = NO;
				GCC_NO_COMMON_BLOCKS = YES;
				GCC_OPTIMIZATION_LEVEL = 0;
				GCC_PREPROCESSOR_DEFINITIONS = (
					"DEBUG=1",
					"$(inherited)",
				);
				GCC_WARN_64_TO_32_BIT_CONVERSION = YES;
				GCC_WARN_ABOUT_RETURN_TYPE = YES_ERROR;
				GCC_WARN_UNDECLARED_SELECTOR = YES;
				GCC_WARN_UNINITIALIZED_AUTOS = YES_AGGRESSIVE;
				GCC_WARN_UNUSED_FUNCTION = YES;
				GCC_WARN_UNUSED_VARIABLE = YES;
				IPHONEOS_DEPLOYMENT_TARGET = 13.0;
				MTL_ENABLE_DEBUG_INFO = INCLUDE_SOURCE;
				MTL_FAST_MATH = YES;
				ONLY_ACTIVE_ARCH = YES;
				SDKROOT = iphoneos;
				SWIFT_ACTIVE_COMPILATION_CONDITIONS = DEBUG;
				SWIFT_OPTIMIZATION_LEVEL = "-Onone";
			};
			name = Debug;
		};
		7ECA8CA6234AFD4F00A7D191 /* Release */ = {
			isa = XCBuildConfiguration;
			buildSettings = {
				ALWAYS_SEARCH_USER_PATHS = NO;
				CLANG_ANALYZER_NONNULL = YES;
				CLANG_ANALYZER_NUMBER_OBJECT_CONVERSION = YES_AGGRESSIVE;
				CLANG_CXX_LANGUAGE_STANDARD = "gnu++14";
				CLANG_CXX_LIBRARY = "libc++";
				CLANG_ENABLE_MODULES = YES;
				CLANG_ENABLE_OBJC_ARC = YES;
				CLANG_ENABLE_OBJC_WEAK = YES;
				CLANG_WARN_BLOCK_CAPTURE_AUTORELEASING = YES;
				CLANG_WARN_BOOL_CONVERSION = YES;
				CLANG_WARN_COMMA = YES;
				CLANG_WARN_CONSTANT_CONVERSION = YES;
				CLANG_WARN_DEPRECATED_OBJC_IMPLEMENTATIONS = YES;
				CLANG_WARN_DIRECT_OBJC_ISA_USAGE = YES_ERROR;
				CLANG_WARN_DOCUMENTATION_COMMENTS = YES;
				CLANG_WARN_EMPTY_BODY = YES;
				CLANG_WARN_ENUM_CONVERSION = YES;
				CLANG_WARN_INFINITE_RECURSION = YES;
				CLANG_WARN_INT_CONVERSION = YES;
				CLANG_WARN_NON_LITERAL_NULL_CONVERSION = YES;
				CLANG_WARN_OBJC_IMPLICIT_RETAIN_SELF = YES;
				CLANG_WARN_OBJC_LITERAL_CONVERSION = YES;
				CLANG_WARN_OBJC_ROOT_CLASS = YES_ERROR;
				CLANG_WARN_RANGE_LOOP_ANALYSIS = YES;
				CLANG_WARN_STRICT_PROTOTYPES = YES;
				CLANG_WARN_SUSPICIOUS_MOVE = YES;
				CLANG_WARN_UNGUARDED_AVAILABILITY = YES_AGGRESSIVE;
				CLANG_WARN_UNREACHABLE_CODE = YES;
				CLANG_WARN__DUPLICATE_METHOD_MATCH = YES;
				COPY_PHASE_STRIP = NO;
				DEBUG_INFORMATION_FORMAT = "dwarf-with-dsym";
				DEVELOPMENT_TEAM = 8AQ47Z9975;
				ENABLE_NS_ASSERTIONS = NO;
				ENABLE_STRICT_OBJC_MSGSEND = YES;
				GCC_C_LANGUAGE_STANDARD = gnu11;
				GCC_NO_COMMON_BLOCKS = YES;
				GCC_WARN_64_TO_32_BIT_CONVERSION = YES;
				GCC_WARN_ABOUT_RETURN_TYPE = YES_ERROR;
				GCC_WARN_UNDECLARED_SELECTOR = YES;
				GCC_WARN_UNINITIALIZED_AUTOS = YES_AGGRESSIVE;
				GCC_WARN_UNUSED_FUNCTION = YES;
				GCC_WARN_UNUSED_VARIABLE = YES;
				IPHONEOS_DEPLOYMENT_TARGET = 13.0;
				MTL_ENABLE_DEBUG_INFO = NO;
				MTL_FAST_MATH = YES;
				SDKROOT = iphoneos;
				SWIFT_COMPILATION_MODE = wholemodule;
				SWIFT_OPTIMIZATION_LEVEL = "-O";
				VALIDATE_PRODUCT = YES;
			};
			name = Release;
		};
		7ECA8CA8234AFD4F00A7D191 /* Debug */ = {
			isa = XCBuildConfiguration;
			baseConfigurationReference = B7E1347AD4577956B3B00F34 /* Pods-TODO.debug.xcconfig */;
			buildSettings = {
				ASSETCATALOG_COMPILER_APPICON_NAME = AppIcon;
				CLANG_WARN_DOCUMENTATION_COMMENTS = NO;
				CODE_SIGN_IDENTITY = "Apple Development";
				CODE_SIGN_STYLE = Automatic;
				DEVELOPMENT_TEAM = 8AQ47Z9975;
				FRAMEWORK_SEARCH_PATHS = (
					"$(inherited)",
					"$(PROJECT_DIR)",
				);
				INFOPLIST_FILE = TODO/Info.plist;
				IPHONEOS_DEPLOYMENT_TARGET = 13.1;
				LD_RUNPATH_SEARCH_PATHS = (
					"$(inherited)",
					"@executable_path/Frameworks",
				);
				PRODUCT_BUNDLE_IDENTIFIER = FlyBirds.TODO;
				PRODUCT_NAME = "$(TARGET_NAME)";
				SWIFT_VERSION = 5.0;
				TARGETED_DEVICE_FAMILY = 1;
			};
			name = Debug;
		};
		7ECA8CA9234AFD4F00A7D191 /* Release */ = {
			isa = XCBuildConfiguration;
			baseConfigurationReference = FFDFA28F994608669F4065C5 /* Pods-TODO.release.xcconfig */;
			buildSettings = {
				ASSETCATALOG_COMPILER_APPICON_NAME = AppIcon;
				CLANG_WARN_DOCUMENTATION_COMMENTS = NO;
				CODE_SIGN_IDENTITY = "Apple Development";
				CODE_SIGN_STYLE = Automatic;
				DEVELOPMENT_TEAM = 8AQ47Z9975;
				FRAMEWORK_SEARCH_PATHS = (
					"$(inherited)",
					"$(PROJECT_DIR)",
				);
				INFOPLIST_FILE = TODO/Info.plist;
				IPHONEOS_DEPLOYMENT_TARGET = 13.1;
				LD_RUNPATH_SEARCH_PATHS = (
					"$(inherited)",
					"@executable_path/Frameworks",
				);
				PRODUCT_BUNDLE_IDENTIFIER = FlyBirds.TODO;
				PRODUCT_NAME = "$(TARGET_NAME)";
				SWIFT_VERSION = 5.0;
				TARGETED_DEVICE_FAMILY = 1;
			};
			name = Release;
		};
/* End XCBuildConfiguration section */

/* Begin XCConfigurationList section */
		7ECA8C8E234AFD4E00A7D191 /* Build configuration list for PBXProject "TODO" */ = {
			isa = XCConfigurationList;
			buildConfigurations = (
				7ECA8CA5234AFD4F00A7D191 /* Debug */,
				7ECA8CA6234AFD4F00A7D191 /* Release */,
			);
			defaultConfigurationIsVisible = 0;
			defaultConfigurationName = Release;
		};
		7ECA8CA7234AFD4F00A7D191 /* Build configuration list for PBXNativeTarget "TODO" */ = {
			isa = XCConfigurationList;
			buildConfigurations = (
				7ECA8CA8234AFD4F00A7D191 /* Debug */,
				7ECA8CA9234AFD4F00A7D191 /* Release */,
			);
			defaultConfigurationIsVisible = 0;
			defaultConfigurationName = Release;
		};
/* End XCConfigurationList section */

/* Begin XCVersionGroup section */
		7E35ADBD234B5B7A00049F06 /* DataModel.xcdatamodeld */ = {
			isa = XCVersionGroup;
			children = (
				7E35ADBE234B5B7A00049F06 /* DataModel.xcdatamodel */,
			);
			currentVersion = 7E35ADBE234B5B7A00049F06 /* DataModel.xcdatamodel */;
			path = DataModel.xcdatamodeld;
			sourceTree = "<group>";
			versionGroupType = wrapper.xcdatamodel;
		};
/* End XCVersionGroup section */
	};
	rootObject = 7ECA8C8B234AFD4E00A7D191 /* Project object */;
}
